
Microsoft Visual Studio Solution File, Format Version 12.00
# Visual Studio Version 16
VisualStudioVersion = 16.0.29905.134
MinimumVisualStudioVersion = 10.0.40219.1
Project("{9A19103F-16F7-4668-BE54-9A1E7A4F7556}") = "CornNuggets", "CornNuggets.csproj", "{7A687285-9A07-4C46-A37A-DDDBF2C4F785}"
EndProject
Project("{FAE04EC0-301F-11D3-BF4B-00C04F79EFBC}") = "CornNuggets.Library", "..\CornNuggets.Library\CornNuggets.Library.csproj", "{F9BC741E-64B5-46E0-A40F-5D6D70836187}"
EndProject
Global
	GlobalSection(SolutionConfigurationPlatforms) = preSolution
		Debug|Any CPU = Debug|Any CPU
		Release|Any CPU = Release|Any CPU
	EndGlobalSection
	GlobalSection(ProjectConfigurationPlatforms) = postSolution
		{7A687285-9A07-4C46-A37A-DDDBF2C4F785}.Debug|Any CPU.ActiveCfg = Debug|Any CPU
		{7A687285-9A07-4C46-A37A-DDDBF2C4F785}.Debug|Any CPU.Build.0 = Debug|Any CPU
		{7A687285-9A07-4C46-A37A-DDDBF2C4F785}.Release|Any CPU.ActiveCfg = Release|Any CPU
		{7A687285-9A07-4C46-A37A-DDDBF2C4F785}.Release|Any CPU.Build.0 = Release|Any CPU
		{F9BC741E-64B5-46E0-A40F-5D6D70836187}.Debug|Any CPU.ActiveCfg = Debug|Any CPU
		{F9BC741E-64B5-46E0-A40F-5D6D70836187}.Debug|Any CPU.Build.0 = Debug|Any CPU
		{F9BC741E-64B5-46E0-A40F-5D6D70836187}.Release|Any CPU.ActiveCfg = Release|Any CPU
		{F9BC741E-64B5-46E0-A40F-5D6D70836187}.Release|Any CPU.Build.0 = Release|Any CPU
	EndGlobalSection
	GlobalSection(SolutionProperties) = preSolution
		HideSolutionNode = FALSE
	EndGlobalSection
	GlobalSection(ExtensibilityGlobals) = postSolution
		SolutionGuid = {7D615279-FB31-4FDD-9B65-41E3579FFE28}
	EndGlobalSection
EndGlobal
